
Microsoft Visual Studio Solution File, Format Version 12.00
# Visual Studio Version 17
VisualStudioVersion = 17.11.35312.102
MinimumVisualStudioVersion = 10.0.40219.1
Project("{FAE04EC0-301F-11D3-BF4B-00C04F79EFBC}") = "MABurguer2", "MABurguer2.csproj", "{A81270B1-B2FD-4A35-B0A8-E79F14D25060}"
EndProject
Global
	GlobalSection(SolutionConfigurationPlatforms) = preSolution
		Debug|Any CPU = Debug|Any CPU
		Release|Any CPU = Release|Any CPU
	EndGlobalSection
	GlobalSection(ProjectConfigurationPlatforms) = postSolution
		{A81270B1-B2FD-4A35-B0A8-E79F14D25060}.Debug|Any CPU.ActiveCfg = Debug|Any CPU
		{A81270B1-B2FD-4A35-B0A8-E79F14D25060}.Debug|Any CPU.Build.0 = Debug|Any CPU
		{A81270B1-B2FD-4A35-B0A8-E79F14D25060}.Release|Any CPU.ActiveCfg = Release|Any CPU
		{A81270B1-B2FD-4A35-B0A8-E79F14D25060}.Release|Any CPU.Build.0 = Release|Any CPU
	EndGlobalSection
	GlobalSection(SolutionProperties) = preSolution
		HideSolutionNode = FALSE
	EndGlobalSection
	GlobalSection(ExtensibilityGlobals) = postSolution
		SolutionGuid = {A79644DB-5D69-412B-923C-94B76AFF2AE9}
	EndGlobalSection
EndGlobal
